// !$*UTF8*$!
{
	archiveVersion = 1;
	classes = {
	};
	objectVersion = 46;
	objects = {

/* Begin PBXBuildFile section */
		8A4877C213DA3583000EE707 /* main.m in Sources */ = {isa = PBXBuildFile; fileRef = 8A4877C113DA3583000EE707 /* main.m */; };
		8A4877CB13DA3B57000EE707 /* AppKit.framework in Frameworks */ = {isa = PBXBuildFile; fileRef = 8A4877CA13DA3B57000EE707 /* AppKit.framework */; };
		8A4877CE13DA4058000EE707 /* NNLanguageAnalyzer.m in Sources */ = {isa = PBXBuildFile; fileRef = 8A4877CD13DA4058000EE707 /* NNLanguageAnalyzer.m */; };
		8A4877D113DA559F000EE707 /* NNSpeech.m in Sources */ = {isa = PBXBuildFile; fileRef = 8A4877D013DA559F000EE707 /* NNSpeech.m */; };
/* End PBXBuildFile section */

/* Begin PBXCopyFilesBuildPhase section */
		8A4877B813DA3583000EE707 /* CopyFiles */ = {
			isa = PBXCopyFilesBuildPhase;
			buildActionMask = 2147483647;
			dstPath = /usr/share/man/man1/;
			dstSubfolderSpec = 0;
			files = (
			);
			runOnlyForDeploymentPostprocessing = 1;
		};
/* End PBXCopyFilesBuildPhase section */

/* Begin PBXFileReference section */
		8A4877BA13DA3583000EE707 /* SpeakingLion */ = {isa = PBXFileReference; explicitFileType = "compiled.mach-o.executable"; includeInIndex = 0; path = SpeakingLion; sourceTree = BUILT_PRODUCTS_DIR; };
		8A4877C113DA3583000EE707 /* main.m */ = {isa = PBXFileReference; lastKnownFileType = sourcecode.c.objc; path = main.m; sourceTree = "<group>"; };
		8A4877CA13DA3B57000EE707 /* AppKit.framework */ = {isa = PBXFileReference; lastKnownFileType = wrapper.framework; name = AppKit.framework; path = System/Library/Frameworks/AppKit.framework; sourceTree = SDKROOT; };
		8A4877CC13DA4058000EE707 /* NNLanguageAnalyzer.h */ = {isa = PBXFileReference; fileEncoding = 4; lastKnownFileType = sourcecode.c.h; path = NNLanguageAnalyzer.h; sourceTree = "<group>"; };
		8A4877CD13DA4058000EE707 /* NNLanguageAnalyzer.m */ = {isa = PBXFileReference; fileEncoding = 4; lastKnownFileType = sourcecode.c.objc; path = NNLanguageAnalyzer.m; sourceTree = "<group>"; };
		8A4877CF13DA559F000EE707 /* NNSpeech.h */ = {isa = PBXFileReference; fileEncoding = 4; lastKnownFileType = sourcecode.c.h; path = NNSpeech.h; sourceTree = "<group>"; };
		8A4877D013DA559F000EE707 /* NNSpeech.m */ = {isa = PBXFileReference; fileEncoding = 4; lastKnownFileType = sourcecode.c.objc; path = NNSpeech.m; sourceTree = "<group>"; };
/* End PBXFileReference section */

/* Begin PBXFrameworksBuildPhase section */
		8A4877B713DA3583000EE707 /* Frameworks */ = {
			isa = PBXFrameworksBuildPhase;
			buildActionMask = 2147483647;
			files = (
				8A4877CB13DA3B57000EE707 /* AppKit.framework in Frameworks */,
			);
			runOnlyForDeploymentPostprocessing = 0;
		};
/* End PBXFrameworksBuildPhase section */

/* Begin PBXGroup section */
		8A4877AF13DA3582000EE707 = {
			isa = PBXGroup;
			children = (
				8A4877C013DA3583000EE707 /* SpeakingLion */,
				8A4877BD13DA3583000EE707 /* Frameworks */,
				8A4877BB13DA3583000EE707 /* Products */,
			);
			sourceTree = "<group>";
		};
		8A4877BB13DA3583000EE707 /* Products */ = {
			isa = PBXGroup;
			children = (
				8A4877BA13DA3583000EE707 /* SpeakingLion */,
			);
			name = Products;
			sourceTree = "<group>";
		};
		8A4877BD13DA3583000EE707 /* Frameworks */ = {
			isa = PBXGroup;
			children = (
				8A4877CA13DA3B57000EE707 /* AppKit.framework */,
			);
			name = Frameworks;
			sourceTree = "<group>";
		};
		8A4877C013DA3583000EE707 /* SpeakingLion */ = {
			isa = PBXGroup;
			children = (
				8A4877C113DA3583000EE707 /* main.m */,
				8A4877CC13DA4058000EE707 /* NNLanguageAnalyzer.h */,
				8A4877CD13DA4058000EE707 /* NNLanguageAnalyzer.m */,
				8A4877CF13DA559F000EE707 /* NNSpeech.h */,
				8A4877D013DA559F000EE707 /* NNSpeech.m */,
			);
			path = SpeakingLion;
			sourceTree = "<group>";
		};
/* End PBXGroup section */

/* Begin PBXNativeTarget section */
		8A4877B913DA3583000EE707 /* SpeakingLion */ = {
			isa = PBXNativeTarget;
			buildConfigurationList = 8A4877C713DA3583000EE707 /* Build configuration list for PBXNativeTarget "SpeakingLion" */;
			buildPhases = (
				8A4877B613DA3583000EE707 /* Sources */,
				8A4877B713DA3583000EE707 /* Frameworks */,
				8A4877B813DA3583000EE707 /* CopyFiles */,
			);
			buildRules = (
			);
			dependencies = (
			);
			name = SpeakingLion;
			productName = SpeakingLion;
			productReference = 8A4877BA13DA3583000EE707 /* SpeakingLion */;
			productType = "com.apple.product-type.tool";
		};
/* End PBXNativeTarget section */

/* Begin PBXProject section */
		8A4877B113DA3582000EE707 /* Project object */ = {
			isa = PBXProject;
			attributes = {
				ORGANIZATIONNAME = "Extessy AG";
			};
			buildConfigurationList = 8A4877B413DA3582000EE707 /* Build configuration list for PBXProject "SpeakingLion" */;
			compatibilityVersion = "Xcode 3.2";
			developmentRegion = English;
			hasScannedForEncodings = 0;
			knownRegions = (
				en,
			);
			mainGroup = 8A4877AF13DA3582000EE707;
			productRefGroup = 8A4877BB13DA3583000EE707 /* Products */;
			projectDirPath = "";
			projectRoot = "";
			targets = (
				8A4877B913DA3583000EE707 /* SpeakingLion */,
			);
		};
/* End PBXProject section */

/* Begin PBXSourcesBuildPhase section */
		8A4877B613DA3583000EE707 /* Sources */ = {
			isa = PBXSourcesBuildPhase;
			buildActionMask = 2147483647;
			files = (
				8A4877C213DA3583000EE707 /* main.m in Sources */,
				8A4877CE13DA4058000EE707 /* NNLanguageAnalyzer.m in Sources */,
				8A4877D113DA559F000EE707 /* NNSpeech.m in Sources */,
			);
			runOnlyForDeploymentPostprocessing = 0;
		};
/* End PBXSourcesBuildPhase section */

/* Begin XCBuildConfiguration section */
		8A4877C513DA3583000EE707 /* Debug */ = {
			isa = XCBuildConfiguration;
			buildSettings = {
				ALWAYS_SEARCH_USER_PATHS = NO;
				ARCHS = "$(ARCHS_STANDARD_32_64_BIT)";
				CLANG_ENABLE_OBJC_ARC = YES;
				COPY_PHASE_STRIP = NO;
				GCC_C_LANGUAGE_STANDARD = gnu99;
				GCC_DYNAMIC_NO_PIC = NO;
				GCC_ENABLE_OBJC_EXCEPTIONS = YES;
				GCC_OPTIMIZATION_LEVEL = 0;
				GCC_PREPROCESSOR_DEFINITIONS = (
					"DEBUG=1",
					"$(inherited)",
				);
				GCC_SYMBOLS_PRIVATE_EXTERN = NO;
				GCC_VERSION = com.apple.compilers.llvm.clang.1_0;
				GCC_WARN_64_TO_32_BIT_CONVERSION = YES;
				GCC_WARN_ABOUT_MISSING_PROTOTYPES = YES;
				GCC_WARN_ABOUT_RETURN_TYPE = YES;
				GCC_WARN_UNUSED_VARIABLE = YES;
				MACOSX_DEPLOYMENT_TARGET = 10.7;
				ONLY_ACTIVE_ARCH = YES;
				SDKROOT = macosx;
			};
			name = Debug;
		};
		8A4877C613DA3583000EE707 /* Release */ = {
			isa = XCBuildConfiguration;
			buildSettings = {
				ALWAYS_SEARCH_USER_PATHS = NO;
				ARCHS = "$(ARCHS_STANDARD_32_64_BIT)";
				CLANG_ENABLE_OBJC_ARC = YES;
				COPY_PHASE_STRIP = YES;
				DEBUG_INFORMATION_FORMAT = "dwarf-with-dsym";
				GCC_C_LANGUAGE_STANDARD = gnu99;
				GCC_ENABLE_OBJC_EXCEPTIONS = YES;
				GCC_VERSION = com.apple.compilers.llvm.clang.1_0;
				GCC_WARN_64_TO_32_BIT_CONVERSION = YES;
				GCC_WARN_ABOUT_MISSING_PROTOTYPES = YES;
				GCC_WARN_ABOUT_RETURN_TYPE = YES;
				GCC_WARN_UNUSED_VARIABLE = YES;
				MACOSX_DEPLOYMENT_TARGET = 10.7;
				SDKROOT = macosx;
			};
			name = Release;
		};
		8A4877C813DA3583000EE707 /* Debug */ = {
			isa = XCBuildConfiguration;
			buildSettings = {
				OTHER_CFLAGS = "-fno-objc-arc";
				OTHER_LDFLAGS = "-lObjC";
				PRODUCT_NAME = "$(TARGET_NAME)";
			};
			name = Debug;
		};
		8A4877C913DA3583000EE707 /* Release */ = {
			isa = XCBuildConfiguration;
			buildSettings = {
				OTHER_CFLAGS = "-fno-objc-arc";
				OTHER_LDFLAGS = "-lObjC";
				PRODUCT_NAME = "$(TARGET_NAME)";
			};
			name = Release;
		};
/* End XCBuildConfiguration section */

/* Begin XCConfigurationList section */
		8A4877B413DA3582000EE707 /* Build configuration list for PBXProject "SpeakingLion" */ = {
			isa = XCConfigurationList;
			buildConfigurations = (
				8A4877C513DA3583000EE707 /* Debug */,
				8A4877C613DA3583000EE707 /* Release */,
			);
			defaultConfigurationIsVisible = 0;
			defaultConfigurationName = Release;
		};
		8A4877C713DA3583000EE707 /* Build configuration list for PBXNativeTarget "SpeakingLion" */ = {
			isa = XCConfigurationList;
			buildConfigurations = (
				8A4877C813DA3583000EE707 /* Debug */,
				8A4877C913DA3583000EE707 /* Release */,
			);
			defaultConfigurationIsVisible = 0;
		};
/* End XCConfigurationList section */
	};
	rootObject = 8A4877B113DA3582000EE707 /* Project object */;
}
